
Microsoft Visual Studio Solution File, Format Version 12.00
# Visual Studio 14
VisualStudioVersion = 14.0.25420.1
MinimumVisualStudioVersion = 10.0.40219.1
Project("{FAE04EC0-301F-11D3-BF4B-00C04F79EFBC}") = "Sistema De Ventas", "Sistema De Ventas\Sistema De Ventas.csproj", "{39A76106-3148-4766-8BF5-6511231E6F92}"
EndProject
Project("{FAE04EC0-301F-11D3-BF4B-00C04F79EFBC}") = "CapaDatos", "CapaDatos\CapaDatos.csproj", "{6AFA6A53-B5A3-480F-A58E-ED2F8D573BC8}"
EndProject
Project("{FAE04EC0-301F-11D3-BF4B-00C04F79EFBC}") = "CapaNegocio", "CapaNegocio\CapaNegocio.csproj", "{F6006D22-E1E1-479C-ABE9-82165F9CE91A}"
EndProject
Project("{FAE04EC0-301F-11D3-BF4B-00C04F79EFBC}") = "CapaPresentacion", "CapaPresentacion\CapaPresentacion.csproj", "{BD7DAD79-3133-4E91-8394-4F58BB0B02F4}"
EndProject
Global
	GlobalSection(SolutionConfigurationPlatforms) = preSolution
		Debug|Any CPU = Debug|Any CPU
		Release|Any CPU = Release|Any CPU
	EndGlobalSection
	GlobalSection(ProjectConfigurationPlatforms) = postSolution
		{39A76106-3148-4766-8BF5-6511231E6F92}.Debug|Any CPU.ActiveCfg = Debug|Any CPU
		{39A76106-3148-4766-8BF5-6511231E6F92}.Debug|Any CPU.Build.0 = Debug|Any CPU
		{39A76106-3148-4766-8BF5-6511231E6F92}.Release|Any CPU.ActiveCfg = Release|Any CPU
		{39A76106-3148-4766-8BF5-6511231E6F92}.Release|Any CPU.Build.0 = Release|Any CPU
		{6AFA6A53-B5A3-480F-A58E-ED2F8D573BC8}.Debug|Any CPU.ActiveCfg = Debug|Any CPU
		{6AFA6A53-B5A3-480F-A58E-ED2F8D573BC8}.Debug|Any CPU.Build.0 = Debug|Any CPU
		{6AFA6A53-B5A3-480F-A58E-ED2F8D573BC8}.Release|Any CPU.ActiveCfg = Release|Any CPU
		{6AFA6A53-B5A3-480F-A58E-ED2F8D573BC8}.Release|Any CPU.Build.0 = Release|Any CPU
		{F6006D22-E1E1-479C-ABE9-82165F9CE91A}.Debug|Any CPU.ActiveCfg = Debug|Any CPU
		{F6006D22-E1E1-479C-ABE9-82165F9CE91A}.Debug|Any CPU.Build.0 = Debug|Any CPU
		{F6006D22-E1E1-479C-ABE9-82165F9CE91A}.Release|Any CPU.ActiveCfg = Release|Any CPU
		{F6006D22-E1E1-479C-ABE9-82165F9CE91A}.Release|Any CPU.Build.0 = Release|Any CPU
		{BD7DAD79-3133-4E91-8394-4F58BB0B02F4}.Debug|Any CPU.ActiveCfg = Debug|Any CPU
		{BD7DAD79-3133-4E91-8394-4F58BB0B02F4}.Debug|Any CPU.Build.0 = Debug|Any CPU
		{BD7DAD79-3133-4E91-8394-4F58BB0B02F4}.Release|Any CPU.ActiveCfg = Release|Any CPU
		{BD7DAD79-3133-4E91-8394-4F58BB0B02F4}.Release|Any CPU.Build.0 = Release|Any CPU
	EndGlobalSection
	GlobalSection(SolutionProperties) = preSolution
		HideSolutionNode = FALSE
	EndGlobalSection
EndGlobal
